
Microsoft Visual Studio Solution File, Format Version 12.00
# Visual Studio Version 16
VisualStudioVersion = 16.0.30611.23
MinimumVisualStudioVersion = 10.0.40219.1
Project("{9A19103F-16F7-4668-BE54-9A1E7A4F7556}") = "AksTestFrontend", "AksTestFrontend\AksTestFrontend.csproj", "{ADAD4625-8B60-4CB3-94B5-B3426849FCF4}"
EndProject
Project("{9A19103F-16F7-4668-BE54-9A1E7A4F7556}") = "AksTestBackend", "AksTestBackend\AksTestBackend.csproj", "{F54DB367-6090-49A5-92B1-542922A3C00C}"
EndProject
Project("{9A19103F-16F7-4668-BE54-9A1E7A4F7556}") = "MessageClient", "MessageClient\MessageClient.csproj", "{B1C78010-0A99-41E2-959E-7EF0988F7419}"
EndProject
Global
	GlobalSection(SolutionConfigurationPlatforms) = preSolution
		Debug|Any CPU = Debug|Any CPU
		Release|Any CPU = Release|Any CPU
	EndGlobalSection
	GlobalSection(ProjectConfigurationPlatforms) = postSolution
		{ADAD4625-8B60-4CB3-94B5-B3426849FCF4}.Debug|Any CPU.ActiveCfg = Debug|Any CPU
		{ADAD4625-8B60-4CB3-94B5-B3426849FCF4}.Debug|Any CPU.Build.0 = Debug|Any CPU
		{ADAD4625-8B60-4CB3-94B5-B3426849FCF4}.Release|Any CPU.ActiveCfg = Release|Any CPU
		{ADAD4625-8B60-4CB3-94B5-B3426849FCF4}.Release|Any CPU.Build.0 = Release|Any CPU
		{F54DB367-6090-49A5-92B1-542922A3C00C}.Debug|Any CPU.ActiveCfg = Debug|Any CPU
		{F54DB367-6090-49A5-92B1-542922A3C00C}.Debug|Any CPU.Build.0 = Debug|Any CPU
		{F54DB367-6090-49A5-92B1-542922A3C00C}.Release|Any CPU.ActiveCfg = Release|Any CPU
		{F54DB367-6090-49A5-92B1-542922A3C00C}.Release|Any CPU.Build.0 = Release|Any CPU
		{B1C78010-0A99-41E2-959E-7EF0988F7419}.Debug|Any CPU.ActiveCfg = Debug|Any CPU
		{B1C78010-0A99-41E2-959E-7EF0988F7419}.Debug|Any CPU.Build.0 = Debug|Any CPU
		{B1C78010-0A99-41E2-959E-7EF0988F7419}.Release|Any CPU.ActiveCfg = Release|Any CPU
		{B1C78010-0A99-41E2-959E-7EF0988F7419}.Release|Any CPU.Build.0 = Release|Any CPU
	EndGlobalSection
	GlobalSection(SolutionProperties) = preSolution
		HideSolutionNode = FALSE
	EndGlobalSection
	GlobalSection(ExtensibilityGlobals) = postSolution
		SolutionGuid = {BE8EF5F3-6AB1-4ACB-AE1A-666CF4DF2B39}
	EndGlobalSection
EndGlobal
